
Microsoft Visual Studio Solution File, Format Version 12.00
# Visual Studio Version 17
VisualStudioVersion = 17.8.34309.116
MinimumVisualStudioVersion = 10.0.40219.1
Project("{F184B08F-C81C-45F6-A57F-5ABD9991F28F}") = "RemoteHost", "RemoteHost\RemoteHost.vbproj", "{00CDE46F-8B0B-48B6-B533-BE53D04BEDE8}"
EndProject
Global
	GlobalSection(SolutionConfigurationPlatforms) = preSolution
		Debug|Any CPU = Debug|Any CPU
		Release|Any CPU = Release|Any CPU
	EndGlobalSection
	GlobalSection(ProjectConfigurationPlatforms) = postSolution
		{00CDE46F-8B0B-48B6-B533-BE53D04BEDE8}.Debug|Any CPU.ActiveCfg = Debug|Any CPU
		{00CDE46F-8B0B-48B6-B533-BE53D04BEDE8}.Debug|Any CPU.Build.0 = Debug|Any CPU
		{00CDE46F-8B0B-48B6-B533-BE53D04BEDE8}.Release|Any CPU.ActiveCfg = Release|Any CPU
		{00CDE46F-8B0B-48B6-B533-BE53D04BEDE8}.Release|Any CPU.Build.0 = Release|Any CPU
	EndGlobalSection
	GlobalSection(SolutionProperties) = preSolution
		HideSolutionNode = FALSE
	EndGlobalSection
	GlobalSection(ExtensibilityGlobals) = postSolution
		SolutionGuid = {0952493C-103E-437E-8D52-8D26D312992B}
	EndGlobalSection
EndGlobal
